
Microsoft Visual Studio Solution File, Format Version 12.00
# Visual Studio Version 17
VisualStudioVersion = 17.5.33502.453
MinimumVisualStudioVersion = 10.0.40219.1
Project("{FAE04EC0-301F-11D3-BF4B-00C04F79EFBC}") = "pg2Project", "pg2Project\pg2Project.csproj", "{94080F9A-6975-481A-9BA3-38C7860EFCC1}"
EndProject
Global
	GlobalSection(SolutionConfigurationPlatforms) = preSolution
		Debug|Any CPU = Debug|Any CPU
		Release|Any CPU = Release|Any CPU
	EndGlobalSection
	GlobalSection(ProjectConfigurationPlatforms) = postSolution
		{94080F9A-6975-481A-9BA3-38C7860EFCC1}.Debug|Any CPU.ActiveCfg = Debug|Any CPU
		{94080F9A-6975-481A-9BA3-38C7860EFCC1}.Debug|Any CPU.Build.0 = Debug|Any CPU
		{94080F9A-6975-481A-9BA3-38C7860EFCC1}.Release|Any CPU.ActiveCfg = Release|Any CPU
		{94080F9A-6975-481A-9BA3-38C7860EFCC1}.Release|Any CPU.Build.0 = Release|Any CPU
	EndGlobalSection
	GlobalSection(SolutionProperties) = preSolution
		HideSolutionNode = FALSE
	EndGlobalSection
	GlobalSection(ExtensibilityGlobals) = postSolution
		SolutionGuid = {AC27193D-A377-4380-9E9E-F4B82D983B7D}
	EndGlobalSection
EndGlobal
